{
  "pins" : [
    {
      "identity" : "joseswift",
      "kind" : "remoteSourceControl",
      "location" : "https://github.com/airsidemobile/JOSESwift.git",
      "state" : {
        "revision" : "10ed3b6736def7c26eb87135466b1cb46ea7e37f",
        "version" : "2.4.0"
      }
    },
    {
      "identity" : "swiftyjson",
      "kind" : "remoteSourceControl",
      "location" : "https://github.com/SwiftyJSON/SwiftyJSON.git",
      "state" : {
        "revision" : "b3dcd7dbd0d488e1a7077cb33b00f2083e382f07",
        "version" : "5.0.1"
      }
    }
  ],
  "version" : 2
}
