{
  "pins" : [
    {
      "identity" : "codability",
      "kind" : "remoteSourceControl",
      "location" : "https://github.com/yonaskolb/Codability",
      "state" : {
        "revision" : "eb5bac78e0679f521c3f058c1eb9be0dd657dadd",
        "version" : "0.2.1"
      }
    }
  ],
  "version" : 2
}
